
Microsoft Visual Studio Solution File, Format Version 12.00
# Visual Studio Version 16
VisualStudioVersion = 16.0.29613.14
MinimumVisualStudioVersion = 10.0.40219.1
Project("{FAE04EC0-301F-11D3-BF4B-00C04F79EFBC}") = "KriyaEmailForm", "KriyaEmailForm\KriyaEmailForm.csproj", "{8C84352A-6DB9-406A-9EC6-7CA43DDD0C02}"
EndProject
Global
	GlobalSection(SolutionConfigurationPlatforms) = preSolution
		Debug|Any CPU = Debug|Any CPU
		Release|Any CPU = Release|Any CPU
	EndGlobalSection
	GlobalSection(ProjectConfigurationPlatforms) = postSolution
		{8C84352A-6DB9-406A-9EC6-7CA43DDD0C02}.Debug|Any CPU.ActiveCfg = Debug|Any CPU
		{8C84352A-6DB9-406A-9EC6-7CA43DDD0C02}.Debug|Any CPU.Build.0 = Debug|Any CPU
		{8C84352A-6DB9-406A-9EC6-7CA43DDD0C02}.Release|Any CPU.ActiveCfg = Release|Any CPU
		{8C84352A-6DB9-406A-9EC6-7CA43DDD0C02}.Release|Any CPU.Build.0 = Release|Any CPU
	EndGlobalSection
	GlobalSection(SolutionProperties) = preSolution
		HideSolutionNode = FALSE
	EndGlobalSection
	GlobalSection(ExtensibilityGlobals) = postSolution
		SolutionGuid = {F7CFCE9F-4E3E-4DB1-9114-9012F24392D6}
	EndGlobalSection
EndGlobal
